
Microsoft Visual Studio Solution File, Format Version 12.00
# Visual Studio Version 17
VisualStudioVersion = 17.0.31903.59
MinimumVisualStudioVersion = 10.0.40219.1
Project("{FAE04EC0-301F-11D3-BF4B-00C04F79EFBC}") = "Telegram.Bot.Controllers", "Telegram.Bot.Controllers\Telegram.Bot.Controllers.csproj", "{AA863FD0-C92B-4B8D-B617-22DB3C287124}"
EndProject
Project("{FAE04EC0-301F-11D3-BF4B-00C04F79EFBC}") = "Telegram.Bot.Console", "Telegram.Bot.Console\Telegram.Bot.Console.csproj", "{B3F56376-1415-4901-9052-91240F23F217}"
EndProject
Global
	GlobalSection(SolutionConfigurationPlatforms) = preSolution
		Debug|Any CPU = Debug|Any CPU
		Debug|x64 = Debug|x64
		Debug|x86 = Debug|x86
		Release|Any CPU = Release|Any CPU
		Release|x64 = Release|x64
		Release|x86 = Release|x86
	EndGlobalSection
	GlobalSection(ProjectConfigurationPlatforms) = postSolution
		{AA863FD0-C92B-4B8D-B617-22DB3C287124}.Debug|Any CPU.ActiveCfg = Debug|Any CPU
		{AA863FD0-C92B-4B8D-B617-22DB3C287124}.Debug|Any CPU.Build.0 = Debug|Any CPU
		{AA863FD0-C92B-4B8D-B617-22DB3C287124}.Debug|x64.ActiveCfg = Debug|Any CPU
		{AA863FD0-C92B-4B8D-B617-22DB3C287124}.Debug|x64.Build.0 = Debug|Any CPU
		{AA863FD0-C92B-4B8D-B617-22DB3C287124}.Debug|x86.ActiveCfg = Debug|Any CPU
		{AA863FD0-C92B-4B8D-B617-22DB3C287124}.Debug|x86.Build.0 = Debug|Any CPU
		{AA863FD0-C92B-4B8D-B617-22DB3C287124}.Release|Any CPU.ActiveCfg = Release|Any CPU
		{AA863FD0-C92B-4B8D-B617-22DB3C287124}.Release|Any CPU.Build.0 = Release|Any CPU
		{AA863FD0-C92B-4B8D-B617-22DB3C287124}.Release|x64.ActiveCfg = Release|Any CPU
		{AA863FD0-C92B-4B8D-B617-22DB3C287124}.Release|x64.Build.0 = Release|Any CPU
		{AA863FD0-C92B-4B8D-B617-22DB3C287124}.Release|x86.ActiveCfg = Release|Any CPU
		{AA863FD0-C92B-4B8D-B617-22DB3C287124}.Release|x86.Build.0 = Release|Any CPU
		{B3F56376-1415-4901-9052-91240F23F217}.Debug|Any CPU.ActiveCfg = Debug|Any CPU
		{B3F56376-1415-4901-9052-91240F23F217}.Debug|Any CPU.Build.0 = Debug|Any CPU
		{B3F56376-1415-4901-9052-91240F23F217}.Debug|x64.ActiveCfg = Debug|Any CPU
		{B3F56376-1415-4901-9052-91240F23F217}.Debug|x64.Build.0 = Debug|Any CPU
		{B3F56376-1415-4901-9052-91240F23F217}.Debug|x86.ActiveCfg = Debug|Any CPU
		{B3F56376-1415-4901-9052-91240F23F217}.Debug|x86.Build.0 = Debug|Any CPU
		{B3F56376-1415-4901-9052-91240F23F217}.Release|Any CPU.ActiveCfg = Release|Any CPU
		{B3F56376-1415-4901-9052-91240F23F217}.Release|Any CPU.Build.0 = Release|Any CPU
		{B3F56376-1415-4901-9052-91240F23F217}.Release|x64.ActiveCfg = Release|Any CPU
		{B3F56376-1415-4901-9052-91240F23F217}.Release|x64.Build.0 = Release|Any CPU
		{B3F56376-1415-4901-9052-91240F23F217}.Release|x86.ActiveCfg = Release|Any CPU
		{B3F56376-1415-4901-9052-91240F23F217}.Release|x86.Build.0 = Release|Any CPU
	EndGlobalSection
	GlobalSection(SolutionProperties) = preSolution
		HideSolutionNode = FALSE
	EndGlobalSection
EndGlobal
